
Microsoft Visual Studio Solution File, Format Version 10.00
# Visual Studio 2008
Project("{FAE04EC0-301F-11D3-BF4B-00C04F79EFBC}") = "TheRenamerHelper", "TheRenamerHelper\TheRenamerHelper.csproj", "{AA764B60-39EE-4EA8-A34B-2C87E96EC7A4}"
EndProject
Global
	GlobalSection(SubversionScc) = preSolution
		Svn-Managed = True
		Manager = AnkhSVN - Subversion Support for Visual Studio
	EndGlobalSection
	GlobalSection(SolutionConfigurationPlatforms) = preSolution
		Debug|Any CPU = Debug|Any CPU
		Release|Any CPU = Release|Any CPU
	EndGlobalSection
	GlobalSection(ProjectConfigurationPlatforms) = postSolution
		{AA764B60-39EE-4EA8-A34B-2C87E96EC7A4}.Debug|Any CPU.ActiveCfg = Debug|Any CPU
		{AA764B60-39EE-4EA8-A34B-2C87E96EC7A4}.Debug|Any CPU.Build.0 = Debug|Any CPU
		{AA764B60-39EE-4EA8-A34B-2C87E96EC7A4}.Release|Any CPU.ActiveCfg = Release|Any CPU
		{AA764B60-39EE-4EA8-A34B-2C87E96EC7A4}.Release|Any CPU.Build.0 = Release|Any CPU
	EndGlobalSection
	GlobalSection(SolutionProperties) = preSolution
		HideSolutionNode = FALSE
	EndGlobalSection
EndGlobal
